
Microsoft Visual Studio Solution File, Format Version 12.00
# Visual Studio Version 16
VisualStudioVersion = 16.0.30804.86
MinimumVisualStudioVersion = 10.0.40219.1
Project("{FAE04EC0-301F-11D3-BF4B-00C04F79EFBC}") = "Pandami", "Pandami\Pandami.csproj", "{3C34B7D1-DB51-40A1-AB4A-23457405F80E}"
EndProject
Global
	GlobalSection(SolutionConfigurationPlatforms) = preSolution
		Debug|Any CPU = Debug|Any CPU
		Release|Any CPU = Release|Any CPU
	EndGlobalSection
	GlobalSection(ProjectConfigurationPlatforms) = postSolution
		{3C34B7D1-DB51-40A1-AB4A-23457405F80E}.Debug|Any CPU.ActiveCfg = Debug|Any CPU
		{3C34B7D1-DB51-40A1-AB4A-23457405F80E}.Debug|Any CPU.Build.0 = Debug|Any CPU
		{3C34B7D1-DB51-40A1-AB4A-23457405F80E}.Release|Any CPU.ActiveCfg = Release|Any CPU
		{3C34B7D1-DB51-40A1-AB4A-23457405F80E}.Release|Any CPU.Build.0 = Release|Any CPU
	EndGlobalSection
	GlobalSection(SolutionProperties) = preSolution
		HideSolutionNode = FALSE
	EndGlobalSection
	GlobalSection(ExtensibilityGlobals) = postSolution
		SolutionGuid = {D91C25D0-9DD9-48F0-8690-E59383778C4E}
	EndGlobalSection
EndGlobal
